
Microsoft Visual Studio Solution File, Format Version 12.00
# Visual Studio Version 16
VisualStudioVersion = 16.0.28803.352
MinimumVisualStudioVersion = 10.0.40219.1
Project("{FAE04EC0-301F-11D3-BF4B-00C04F79EFBC}") = "PopYourself", "PopYourself\PopYourself.csproj", "{A3C21356-145E-4146-AC7C-E8E3E9D75E4E}"
EndProject
Project("{FAE04EC0-301F-11D3-BF4B-00C04F79EFBC}") = "CalculateTax", "CalculateTax\CalculateTax.csproj", "{CADB7330-40BF-48EA-A930-3807BA78349A}"
EndProject
Global
	GlobalSection(SolutionConfigurationPlatforms) = preSolution
		Debug|Any CPU = Debug|Any CPU
		Release|Any CPU = Release|Any CPU
	EndGlobalSection
	GlobalSection(ProjectConfigurationPlatforms) = postSolution
		{A3C21356-145E-4146-AC7C-E8E3E9D75E4E}.Debug|Any CPU.ActiveCfg = Debug|Any CPU
		{A3C21356-145E-4146-AC7C-E8E3E9D75E4E}.Debug|Any CPU.Build.0 = Debug|Any CPU
		{A3C21356-145E-4146-AC7C-E8E3E9D75E4E}.Release|Any CPU.ActiveCfg = Release|Any CPU
		{A3C21356-145E-4146-AC7C-E8E3E9D75E4E}.Release|Any CPU.Build.0 = Release|Any CPU
		{CADB7330-40BF-48EA-A930-3807BA78349A}.Debug|Any CPU.ActiveCfg = Debug|Any CPU
		{CADB7330-40BF-48EA-A930-3807BA78349A}.Debug|Any CPU.Build.0 = Debug|Any CPU
		{CADB7330-40BF-48EA-A930-3807BA78349A}.Release|Any CPU.ActiveCfg = Release|Any CPU
		{CADB7330-40BF-48EA-A930-3807BA78349A}.Release|Any CPU.Build.0 = Release|Any CPU
	EndGlobalSection
	GlobalSection(SolutionProperties) = preSolution
		HideSolutionNode = FALSE
	EndGlobalSection
	GlobalSection(ExtensibilityGlobals) = postSolution
		SolutionGuid = {8812B7D3-6B08-4170-8D95-6E4F98178C26}
	EndGlobalSection
EndGlobal
